
Microsoft Visual Studio Solution File, Format Version 12.00
# Visual Studio Version 17
VisualStudioVersion = 17.11.35327.3
MinimumVisualStudioVersion = 10.0.40219.1
Project("{2150E333-8FDC-42A3-9474-1A3956D46DE8}") = "framework", "framework", "{671542E9-0BC4-4858-BBD7-13F7372C3A1D}"
EndProject
Project("{778DAE3C-4631-46EA-AA77-85C1314464D9}") = "CellRender", "src\CellRender\CellRender.vbproj", "{44709A7A-EA01-4A17-8692-4A6B3C855B80}"
EndProject
Project("{2150E333-8FDC-42A3-9474-1A3956D46DE8}") = "runtime", "runtime", "{550433FD-8699-4B96-B218-87F191FA327A}"
EndProject
Project("{778DAE3C-4631-46EA-AA77-85C1314464D9}") = "Core", "..\GCModeller\src\runtime\sciBASIC#\Microsoft.VisualBasic.Core\src\Core.vbproj", "{183DD7AB-CB40-4FE1-8FA1-D3BFF6ECC2B3}"
EndProject
Project("{778DAE3C-4631-46EA-AA77-85C1314464D9}") = "biocore-netcore5", "..\GCModeller\src\GCModeller\core\Bio.Assembly\biocore-netcore5.vbproj", "{A9ADF970-3237-4500-851F-46EE5F69ABCD}"
EndProject
Project("{2150E333-8FDC-42A3-9474-1A3956D46DE8}") = "renv", "renv", "{4A787F4B-CF81-4250-B1A1-350B1C9674AA}"
EndProject
Project("{2150E333-8FDC-42A3-9474-1A3956D46DE8}") = "gcmodeller", "gcmodeller", "{40043174-83F7-4619-B1E1-68C1BE24EACB}"
EndProject
Project("{778DAE3C-4631-46EA-AA77-85C1314464D9}") = "Rsharp-netcore5", "..\GCModeller\src\R-sharp\R#\Rsharp-netcore5.vbproj", "{F47A1519-CBB5-476A-A95E-3CEDCADE2DA7}"
EndProject
Project("{778DAE3C-4631-46EA-AA77-85C1314464D9}") = "R-cmd.NET5", "..\GCModeller\src\R-sharp\studio\R-terminal\R-cmd.NET5.vbproj", "{2B724FF8-290B-4C8F-81AD-308D546AE623}"
EndProject
Global
	GlobalSection(SolutionConfigurationPlatforms) = preSolution
		CFD_win32|Any CPU = CFD_win32|Any CPU
		CFD_win32|x64 = CFD_win32|x64
		CFD_win32|x86 = CFD_win32|x86
		Debug|Any CPU = Debug|Any CPU
		Debug|x64 = Debug|x64
		Debug|x86 = Debug|x86
		Desktop|Any CPU = Desktop|Any CPU
		Desktop|x64 = Desktop|x64
		Desktop|x86 = Desktop|x86
		Docker|Any CPU = Docker|Any CPU
		Docker|x64 = Docker|x64
		Docker|x86 = Docker|x86
		gcmodeller_desktop|Any CPU = gcmodeller_desktop|Any CPU
		gcmodeller_desktop|x64 = gcmodeller_desktop|x64
		gcmodeller_desktop|x86 = gcmodeller_desktop|x86
		LipidSearch|Any CPU = LipidSearch|Any CPU
		LipidSearch|x64 = LipidSearch|x64
		LipidSearch|x86 = LipidSearch|x86
		mzkit_win32|Any CPU = mzkit_win32|Any CPU
		mzkit_win32|x64 = mzkit_win32|x64
		mzkit_win32|x86 = mzkit_win32|x86
		mzkit|Any CPU = mzkit|Any CPU
		mzkit|x64 = mzkit|x64
		mzkit|x86 = mzkit|x86
		NPSearch|Any CPU = NPSearch|Any CPU
		NPSearch|x64 = NPSearch|x64
		NPSearch|x86 = NPSearch|x86
		nuget_release|Any CPU = nuget_release|Any CPU
		nuget_release|x64 = nuget_release|x64
		nuget_release|x86 = nuget_release|x86
		PlantMAT|Any CPU = PlantMAT|Any CPU
		PlantMAT|x64 = PlantMAT|x64
		PlantMAT|x86 = PlantMAT|x86
		Release|Any CPU = Release|Any CPU
		Release|x64 = Release|x64
		Release|x86 = Release|x86
		Rsharp_app_release|Any CPU = Rsharp_app_release|Any CPU
		Rsharp_app_release|x64 = Rsharp_app_release|x64
		Rsharp_app_release|x86 = Rsharp_app_release|x86
	EndGlobalSection
	GlobalSection(ProjectConfigurationPlatforms) = postSolution
		{44709A7A-EA01-4A17-8692-4A6B3C855B80}.CFD_win32|Any CPU.ActiveCfg = Debug|Any CPU
		{44709A7A-EA01-4A17-8692-4A6B3C855B80}.CFD_win32|Any CPU.Build.0 = Debug|Any CPU
		{44709A7A-EA01-4A17-8692-4A6B3C855B80}.CFD_win32|x64.ActiveCfg = Debug|Any CPU
		{44709A7A-EA01-4A17-8692-4A6B3C855B80}.CFD_win32|x64.Build.0 = Debug|Any CPU
		{44709A7A-EA01-4A17-8692-4A6B3C855B80}.CFD_win32|x86.ActiveCfg = Debug|Any CPU
		{44709A7A-EA01-4A17-8692-4A6B3C855B80}.CFD_win32|x86.Build.0 = Debug|Any CPU
		{44709A7A-EA01-4A17-8692-4A6B3C855B80}.Debug|Any CPU.ActiveCfg = Debug|Any CPU
		{44709A7A-EA01-4A17-8692-4A6B3C855B80}.Debug|Any CPU.Build.0 = Debug|Any CPU
		{44709A7A-EA01-4A17-8692-4A6B3C855B80}.Debug|x64.ActiveCfg = Debug|Any CPU
		{44709A7A-EA01-4A17-8692-4A6B3C855B80}.Debug|x64.Build.0 = Debug|Any CPU
		{44709A7A-EA01-4A17-8692-4A6B3C855B80}.Debug|x86.ActiveCfg = Debug|Any CPU
		{44709A7A-EA01-4A17-8692-4A6B3C855B80}.Debug|x86.Build.0 = Debug|Any CPU
		{44709A7A-EA01-4A17-8692-4A6B3C855B80}.Desktop|Any CPU.ActiveCfg = Debug|Any CPU
		{44709A7A-EA01-4A17-8692-4A6B3C855B80}.Desktop|Any CPU.Build.0 = Debug|Any CPU
		{44709A7A-EA01-4A17-8692-4A6B3C855B80}.Desktop|x64.ActiveCfg = Debug|Any CPU
		{44709A7A-EA01-4A17-8692-4A6B3C855B80}.Desktop|x64.Build.0 = Debug|Any CPU
		{44709A7A-EA01-4A17-8692-4A6B3C855B80}.Desktop|x86.ActiveCfg = Debug|Any CPU
		{44709A7A-EA01-4A17-8692-4A6B3C855B80}.Desktop|x86.Build.0 = Debug|Any CPU
		{44709A7A-EA01-4A17-8692-4A6B3C855B80}.Docker|Any CPU.ActiveCfg = Debug|Any CPU
		{44709A7A-EA01-4A17-8692-4A6B3C855B80}.Docker|Any CPU.Build.0 = Debug|Any CPU
		{44709A7A-EA01-4A17-8692-4A6B3C855B80}.Docker|x64.ActiveCfg = Debug|Any CPU
		{44709A7A-EA01-4A17-8692-4A6B3C855B80}.Docker|x64.Build.0 = Debug|Any CPU
		{44709A7A-EA01-4A17-8692-4A6B3C855B80}.Docker|x86.ActiveCfg = Debug|Any CPU
		{44709A7A-EA01-4A17-8692-4A6B3C855B80}.Docker|x86.Build.0 = Debug|Any CPU
		{44709A7A-EA01-4A17-8692-4A6B3C855B80}.gcmodeller_desktop|Any CPU.ActiveCfg = Debug|Any CPU
		{44709A7A-EA01-4A17-8692-4A6B3C855B80}.gcmodeller_desktop|Any CPU.Build.0 = Debug|Any CPU
		{44709A7A-EA01-4A17-8692-4A6B3C855B80}.gcmodeller_desktop|x64.ActiveCfg = Debug|Any CPU
		{44709A7A-EA01-4A17-8692-4A6B3C855B80}.gcmodeller_desktop|x64.Build.0 = Debug|Any CPU
		{44709A7A-EA01-4A17-8692-4A6B3C855B80}.gcmodeller_desktop|x86.ActiveCfg = Debug|Any CPU
		{44709A7A-EA01-4A17-8692-4A6B3C855B80}.gcmodeller_desktop|x86.Build.0 = Debug|Any CPU
		{44709A7A-EA01-4A17-8692-4A6B3C855B80}.LipidSearch|Any CPU.ActiveCfg = Debug|Any CPU
		{44709A7A-EA01-4A17-8692-4A6B3C855B80}.LipidSearch|Any CPU.Build.0 = Debug|Any CPU
		{44709A7A-EA01-4A17-8692-4A6B3C855B80}.LipidSearch|x64.ActiveCfg = Debug|Any CPU
		{44709A7A-EA01-4A17-8692-4A6B3C855B80}.LipidSearch|x64.Build.0 = Debug|Any CPU
		{44709A7A-EA01-4A17-8692-4A6B3C855B80}.LipidSearch|x86.ActiveCfg = Debug|Any CPU
		{44709A7A-EA01-4A17-8692-4A6B3C855B80}.LipidSearch|x86.Build.0 = Debug|Any CPU
		{44709A7A-EA01-4A17-8692-4A6B3C855B80}.mzkit_win32|Any CPU.ActiveCfg = Debug|Any CPU
		{44709A7A-EA01-4A17-8692-4A6B3C855B80}.mzkit_win32|Any CPU.Build.0 = Debug|Any CPU
		{44709A7A-EA01-4A17-8692-4A6B3C855B80}.mzkit_win32|x64.ActiveCfg = Debug|Any CPU
		{44709A7A-EA01-4A17-8692-4A6B3C855B80}.mzkit_win32|x64.Build.0 = Debug|Any CPU
		{44709A7A-EA01-4A17-8692-4A6B3C855B80}.mzkit_win32|x86.ActiveCfg = Debug|Any CPU
		{44709A7A-EA01-4A17-8692-4A6B3C855B80}.mzkit_win32|x86.Build.0 = Debug|Any CPU
		{44709A7A-EA01-4A17-8692-4A6B3C855B80}.mzkit|Any CPU.ActiveCfg = Debug|Any CPU
		{44709A7A-EA01-4A17-8692-4A6B3C855B80}.mzkit|Any CPU.Build.0 = Debug|Any CPU
		{44709A7A-EA01-4A17-8692-4A6B3C855B80}.mzkit|x64.ActiveCfg = Debug|Any CPU
		{44709A7A-EA01-4A17-8692-4A6B3C855B80}.mzkit|x64.Build.0 = Debug|Any CPU
		{44709A7A-EA01-4A17-8692-4A6B3C855B80}.mzkit|x86.ActiveCfg = Debug|Any CPU
		{44709A7A-EA01-4A17-8692-4A6B3C855B80}.mzkit|x86.Build.0 = Debug|Any CPU
		{44709A7A-EA01-4A17-8692-4A6B3C855B80}.NPSearch|Any CPU.ActiveCfg = Debug|Any CPU
		{44709A7A-EA01-4A17-8692-4A6B3C855B80}.NPSearch|Any CPU.Build.0 = Debug|Any CPU
		{44709A7A-EA01-4A17-8692-4A6B3C855B80}.NPSearch|x64.ActiveCfg = Debug|Any CPU
		{44709A7A-EA01-4A17-8692-4A6B3C855B80}.NPSearch|x64.Build.0 = Debug|Any CPU
		{44709A7A-EA01-4A17-8692-4A6B3C855B80}.NPSearch|x86.ActiveCfg = Debug|Any CPU
		{44709A7A-EA01-4A17-8692-4A6B3C855B80}.NPSearch|x86.Build.0 = Debug|Any CPU
		{44709A7A-EA01-4A17-8692-4A6B3C855B80}.nuget_release|Any CPU.ActiveCfg = Debug|Any CPU
		{44709A7A-EA01-4A17-8692-4A6B3C855B80}.nuget_release|Any CPU.Build.0 = Debug|Any CPU
		{44709A7A-EA01-4A17-8692-4A6B3C855B80}.nuget_release|x64.ActiveCfg = Debug|Any CPU
		{44709A7A-EA01-4A17-8692-4A6B3C855B80}.nuget_release|x64.Build.0 = Debug|Any CPU
		{44709A7A-EA01-4A17-8692-4A6B3C855B80}.nuget_release|x86.ActiveCfg = Debug|Any CPU
		{44709A7A-EA01-4A17-8692-4A6B3C855B80}.nuget_release|x86.Build.0 = Debug|Any CPU
		{44709A7A-EA01-4A17-8692-4A6B3C855B80}.PlantMAT|Any CPU.ActiveCfg = Debug|Any CPU
		{44709A7A-EA01-4A17-8692-4A6B3C855B80}.PlantMAT|Any CPU.Build.0 = Debug|Any CPU
		{44709A7A-EA01-4A17-8692-4A6B3C855B80}.PlantMAT|x64.ActiveCfg = Debug|Any CPU
		{44709A7A-EA01-4A17-8692-4A6B3C855B80}.PlantMAT|x64.Build.0 = Debug|Any CPU
		{44709A7A-EA01-4A17-8692-4A6B3C855B80}.PlantMAT|x86.ActiveCfg = Debug|Any CPU
		{44709A7A-EA01-4A17-8692-4A6B3C855B80}.PlantMAT|x86.Build.0 = Debug|Any CPU
		{44709A7A-EA01-4A17-8692-4A6B3C855B80}.Release|Any CPU.ActiveCfg = Release|Any CPU
		{44709A7A-EA01-4A17-8692-4A6B3C855B80}.Release|Any CPU.Build.0 = Release|Any CPU
		{44709A7A-EA01-4A17-8692-4A6B3C855B80}.Release|x64.ActiveCfg = Release|Any CPU
		{44709A7A-EA01-4A17-8692-4A6B3C855B80}.Release|x64.Build.0 = Release|Any CPU
		{44709A7A-EA01-4A17-8692-4A6B3C855B80}.Release|x86.ActiveCfg = Release|Any CPU
		{44709A7A-EA01-4A17-8692-4A6B3C855B80}.Release|x86.Build.0 = Release|Any CPU
		{44709A7A-EA01-4A17-8692-4A6B3C855B80}.Rsharp_app_release|Any CPU.ActiveCfg = Release|Any CPU
		{44709A7A-EA01-4A17-8692-4A6B3C855B80}.Rsharp_app_release|Any CPU.Build.0 = Release|Any CPU
		{44709A7A-EA01-4A17-8692-4A6B3C855B80}.Rsharp_app_release|x64.ActiveCfg = Release|Any CPU
		{44709A7A-EA01-4A17-8692-4A6B3C855B80}.Rsharp_app_release|x64.Build.0 = Release|Any CPU
		{44709A7A-EA01-4A17-8692-4A6B3C855B80}.Rsharp_app_release|x86.ActiveCfg = Release|Any CPU
		{44709A7A-EA01-4A17-8692-4A6B3C855B80}.Rsharp_app_release|x86.Build.0 = Release|Any CPU
		{183DD7AB-CB40-4FE1-8FA1-D3BFF6ECC2B3}.CFD_win32|Any CPU.ActiveCfg = CFD_win32|Any CPU
		{183DD7AB-CB40-4FE1-8FA1-D3BFF6ECC2B3}.CFD_win32|Any CPU.Build.0 = CFD_win32|Any CPU
		{183DD7AB-CB40-4FE1-8FA1-D3BFF6ECC2B3}.CFD_win32|x64.ActiveCfg = CFD_win32|x64
		{183DD7AB-CB40-4FE1-8FA1-D3BFF6ECC2B3}.CFD_win32|x64.Build.0 = CFD_win32|x64
		{183DD7AB-CB40-4FE1-8FA1-D3BFF6ECC2B3}.CFD_win32|x86.ActiveCfg = CFD_win32|x86
		{183DD7AB-CB40-4FE1-8FA1-D3BFF6ECC2B3}.CFD_win32|x86.Build.0 = CFD_win32|x86
		{183DD7AB-CB40-4FE1-8FA1-D3BFF6ECC2B3}.Debug|Any CPU.ActiveCfg = Debug|Any CPU
		{183DD7AB-CB40-4FE1-8FA1-D3BFF6ECC2B3}.Debug|Any CPU.Build.0 = Debug|Any CPU
		{183DD7AB-CB40-4FE1-8FA1-D3BFF6ECC2B3}.Debug|x64.ActiveCfg = Debug|x64
		{183DD7AB-CB40-4FE1-8FA1-D3BFF6ECC2B3}.Debug|x64.Build.0 = Debug|x64
		{183DD7AB-CB40-4FE1-8FA1-D3BFF6ECC2B3}.Debug|x86.ActiveCfg = Debug|x86
		{183DD7AB-CB40-4FE1-8FA1-D3BFF6ECC2B3}.Debug|x86.Build.0 = Debug|x86
		{183DD7AB-CB40-4FE1-8FA1-D3BFF6ECC2B3}.Desktop|Any CPU.ActiveCfg = Desktop|Any CPU
		{183DD7AB-CB40-4FE1-8FA1-D3BFF6ECC2B3}.Desktop|Any CPU.Build.0 = Desktop|Any CPU
		{183DD7AB-CB40-4FE1-8FA1-D3BFF6ECC2B3}.Desktop|x64.ActiveCfg = Desktop|x64
		{183DD7AB-CB40-4FE1-8FA1-D3BFF6ECC2B3}.Desktop|x64.Build.0 = Desktop|x64
		{183DD7AB-CB40-4FE1-8FA1-D3BFF6ECC2B3}.Desktop|x86.ActiveCfg = Desktop|x86
		{183DD7AB-CB40-4FE1-8FA1-D3BFF6ECC2B3}.Desktop|x86.Build.0 = Desktop|x86
		{183DD7AB-CB40-4FE1-8FA1-D3BFF6ECC2B3}.Docker|Any CPU.ActiveCfg = Docker|Any CPU
		{183DD7AB-CB40-4FE1-8FA1-D3BFF6ECC2B3}.Docker|Any CPU.Build.0 = Docker|Any CPU
		{183DD7AB-CB40-4FE1-8FA1-D3BFF6ECC2B3}.Docker|x64.ActiveCfg = Docker|x64
		{183DD7AB-CB40-4FE1-8FA1-D3BFF6ECC2B3}.Docker|x64.Build.0 = Docker|x64
		{183DD7AB-CB40-4FE1-8FA1-D3BFF6ECC2B3}.Docker|x86.ActiveCfg = Docker|x86
		{183DD7AB-CB40-4FE1-8FA1-D3BFF6ECC2B3}.Docker|x86.Build.0 = Docker|x86
		{183DD7AB-CB40-4FE1-8FA1-D3BFF6ECC2B3}.gcmodeller_desktop|Any CPU.ActiveCfg = gcmodeller_desktop|Any CPU
		{183DD7AB-CB40-4FE1-8FA1-D3BFF6ECC2B3}.gcmodeller_desktop|Any CPU.Build.0 = gcmodeller_desktop|Any CPU
		{183DD7AB-CB40-4FE1-8FA1-D3BFF6ECC2B3}.gcmodeller_desktop|x64.ActiveCfg = gcmodeller_desktop|x64
		{183DD7AB-CB40-4FE1-8FA1-D3BFF6ECC2B3}.gcmodeller_desktop|x64.Build.0 = gcmodeller_desktop|x64
		{183DD7AB-CB40-4FE1-8FA1-D3BFF6ECC2B3}.gcmodeller_desktop|x86.ActiveCfg = gcmodeller_desktop|x86
		{183DD7AB-CB40-4FE1-8FA1-D3BFF6ECC2B3}.gcmodeller_desktop|x86.Build.0 = gcmodeller_desktop|x86
		{183DD7AB-CB40-4FE1-8FA1-D3BFF6ECC2B3}.LipidSearch|Any CPU.ActiveCfg = LipidSearch|Any CPU
		{183DD7AB-CB40-4FE1-8FA1-D3BFF6ECC2B3}.LipidSearch|Any CPU.Build.0 = LipidSearch|Any CPU
		{183DD7AB-CB40-4FE1-8FA1-D3BFF6ECC2B3}.LipidSearch|x64.ActiveCfg = LipidSearch|x64
		{183DD7AB-CB40-4FE1-8FA1-D3BFF6ECC2B3}.LipidSearch|x64.Build.0 = LipidSearch|x64
		{183DD7AB-CB40-4FE1-8FA1-D3BFF6ECC2B3}.LipidSearch|x86.ActiveCfg = LipidSearch|x86
		{183DD7AB-CB40-4FE1-8FA1-D3BFF6ECC2B3}.LipidSearch|x86.Build.0 = LipidSearch|x86
		{183DD7AB-CB40-4FE1-8FA1-D3BFF6ECC2B3}.mzkit_win32|Any CPU.ActiveCfg = mzkit_win32|Any CPU
		{183DD7AB-CB40-4FE1-8FA1-D3BFF6ECC2B3}.mzkit_win32|Any CPU.Build.0 = mzkit_win32|Any CPU
		{183DD7AB-CB40-4FE1-8FA1-D3BFF6ECC2B3}.mzkit_win32|x64.ActiveCfg = mzkit_win32|x64
		{183DD7AB-CB40-4FE1-8FA1-D3BFF6ECC2B3}.mzkit_win32|x64.Build.0 = mzkit_win32|x64
		{183DD7AB-CB40-4FE1-8FA1-D3BFF6ECC2B3}.mzkit_win32|x86.ActiveCfg = mzkit_win32|x86
		{183DD7AB-CB40-4FE1-8FA1-D3BFF6ECC2B3}.mzkit_win32|x86.Build.0 = mzkit_win32|x86
		{183DD7AB-CB40-4FE1-8FA1-D3BFF6ECC2B3}.mzkit|Any CPU.ActiveCfg = mzkit|Any CPU
		{183DD7AB-CB40-4FE1-8FA1-D3BFF6ECC2B3}.mzkit|Any CPU.Build.0 = mzkit|Any CPU
		{183DD7AB-CB40-4FE1-8FA1-D3BFF6ECC2B3}.mzkit|x64.ActiveCfg = mzkit|x64
		{183DD7AB-CB40-4FE1-8FA1-D3BFF6ECC2B3}.mzkit|x64.Build.0 = mzkit|x64
		{183DD7AB-CB40-4FE1-8FA1-D3BFF6ECC2B3}.mzkit|x86.ActiveCfg = mzkit|x86
		{183DD7AB-CB40-4FE1-8FA1-D3BFF6ECC2B3}.mzkit|x86.Build.0 = mzkit|x86
		{183DD7AB-CB40-4FE1-8FA1-D3BFF6ECC2B3}.NPSearch|Any CPU.ActiveCfg = NPSearch|Any CPU
		{183DD7AB-CB40-4FE1-8FA1-D3BFF6ECC2B3}.NPSearch|Any CPU.Build.0 = NPSearch|Any CPU
		{183DD7AB-CB40-4FE1-8FA1-D3BFF6ECC2B3}.NPSearch|x64.ActiveCfg = NPSearch|x64
		{183DD7AB-CB40-4FE1-8FA1-D3BFF6ECC2B3}.NPSearch|x64.Build.0 = NPSearch|x64
		{183DD7AB-CB40-4FE1-8FA1-D3BFF6ECC2B3}.NPSearch|x86.ActiveCfg = NPSearch|x86
		{183DD7AB-CB40-4FE1-8FA1-D3BFF6ECC2B3}.NPSearch|x86.Build.0 = NPSearch|x86
		{183DD7AB-CB40-4FE1-8FA1-D3BFF6ECC2B3}.nuget_release|Any CPU.ActiveCfg = nuget_release|Any CPU
		{183DD7AB-CB40-4FE1-8FA1-D3BFF6ECC2B3}.nuget_release|Any CPU.Build.0 = nuget_release|Any CPU
		{183DD7AB-CB40-4FE1-8FA1-D3BFF6ECC2B3}.nuget_release|x64.ActiveCfg = nuget_release|x64
		{183DD7AB-CB40-4FE1-8FA1-D3BFF6ECC2B3}.nuget_release|x64.Build.0 = nuget_release|x64
		{183DD7AB-CB40-4FE1-8FA1-D3BFF6ECC2B3}.nuget_release|x86.ActiveCfg = nuget_release|x86
		{183DD7AB-CB40-4FE1-8FA1-D3BFF6ECC2B3}.nuget_release|x86.Build.0 = nuget_release|x86
		{183DD7AB-CB40-4FE1-8FA1-D3BFF6ECC2B3}.PlantMAT|Any CPU.ActiveCfg = PlantMAT|Any CPU
		{183DD7AB-CB40-4FE1-8FA1-D3BFF6ECC2B3}.PlantMAT|Any CPU.Build.0 = PlantMAT|Any CPU
		{183DD7AB-CB40-4FE1-8FA1-D3BFF6ECC2B3}.PlantMAT|x64.ActiveCfg = PlantMAT|x64
		{183DD7AB-CB40-4FE1-8FA1-D3BFF6ECC2B3}.PlantMAT|x64.Build.0 = PlantMAT|x64
		{183DD7AB-CB40-4FE1-8FA1-D3BFF6ECC2B3}.PlantMAT|x86.ActiveCfg = PlantMAT|x86
		{183DD7AB-CB40-4FE1-8FA1-D3BFF6ECC2B3}.PlantMAT|x86.Build.0 = PlantMAT|x86
		{183DD7AB-CB40-4FE1-8FA1-D3BFF6ECC2B3}.Release|Any CPU.ActiveCfg = Release|Any CPU
		{183DD7AB-CB40-4FE1-8FA1-D3BFF6ECC2B3}.Release|Any CPU.Build.0 = Release|Any CPU
		{183DD7AB-CB40-4FE1-8FA1-D3BFF6ECC2B3}.Release|x64.ActiveCfg = Release|x64
		{183DD7AB-CB40-4FE1-8FA1-D3BFF6ECC2B3}.Release|x64.Build.0 = Release|x64
		{183DD7AB-CB40-4FE1-8FA1-D3BFF6ECC2B3}.Release|x86.ActiveCfg = Release|x86
		{183DD7AB-CB40-4FE1-8FA1-D3BFF6ECC2B3}.Release|x86.Build.0 = Release|x86
		{183DD7AB-CB40-4FE1-8FA1-D3BFF6ECC2B3}.Rsharp_app_release|Any CPU.ActiveCfg = Rsharp_app_release|Any CPU
		{183DD7AB-CB40-4FE1-8FA1-D3BFF6ECC2B3}.Rsharp_app_release|Any CPU.Build.0 = Rsharp_app_release|Any CPU
		{183DD7AB-CB40-4FE1-8FA1-D3BFF6ECC2B3}.Rsharp_app_release|x64.ActiveCfg = Rsharp_app_release|x64
		{183DD7AB-CB40-4FE1-8FA1-D3BFF6ECC2B3}.Rsharp_app_release|x64.Build.0 = Rsharp_app_release|x64
		{183DD7AB-CB40-4FE1-8FA1-D3BFF6ECC2B3}.Rsharp_app_release|x86.ActiveCfg = Rsharp_app_release|x86
		{183DD7AB-CB40-4FE1-8FA1-D3BFF6ECC2B3}.Rsharp_app_release|x86.Build.0 = Rsharp_app_release|x86
		{A9ADF970-3237-4500-851F-46EE5F69ABCD}.CFD_win32|Any CPU.ActiveCfg = Debug|Any CPU
		{A9ADF970-3237-4500-851F-46EE5F69ABCD}.CFD_win32|Any CPU.Build.0 = Debug|Any CPU
		{A9ADF970-3237-4500-851F-46EE5F69ABCD}.CFD_win32|x64.ActiveCfg = Debug|x64
		{A9ADF970-3237-4500-851F-46EE5F69ABCD}.CFD_win32|x64.Build.0 = Debug|x64
		{A9ADF970-3237-4500-851F-46EE5F69ABCD}.CFD_win32|x86.ActiveCfg = Debug|Any CPU
		{A9ADF970-3237-4500-851F-46EE5F69ABCD}.CFD_win32|x86.Build.0 = Debug|Any CPU
		{A9ADF970-3237-4500-851F-46EE5F69ABCD}.Debug|Any CPU.ActiveCfg = Debug|Any CPU
		{A9ADF970-3237-4500-851F-46EE5F69ABCD}.Debug|Any CPU.Build.0 = Debug|Any CPU
		{A9ADF970-3237-4500-851F-46EE5F69ABCD}.Debug|x64.ActiveCfg = Debug|x64
		{A9ADF970-3237-4500-851F-46EE5F69ABCD}.Debug|x64.Build.0 = Debug|x64
		{A9ADF970-3237-4500-851F-46EE5F69ABCD}.Debug|x86.ActiveCfg = Debug|Any CPU
		{A9ADF970-3237-4500-851F-46EE5F69ABCD}.Debug|x86.Build.0 = Debug|Any CPU
		{A9ADF970-3237-4500-851F-46EE5F69ABCD}.Desktop|Any CPU.ActiveCfg = Desktop|Any CPU
		{A9ADF970-3237-4500-851F-46EE5F69ABCD}.Desktop|Any CPU.Build.0 = Desktop|Any CPU
		{A9ADF970-3237-4500-851F-46EE5F69ABCD}.Desktop|x64.ActiveCfg = Desktop|x64
		{A9ADF970-3237-4500-851F-46EE5F69ABCD}.Desktop|x64.Build.0 = Desktop|x64
		{A9ADF970-3237-4500-851F-46EE5F69ABCD}.Desktop|x86.ActiveCfg = Desktop|Any CPU
		{A9ADF970-3237-4500-851F-46EE5F69ABCD}.Desktop|x86.Build.0 = Desktop|Any CPU
		{A9ADF970-3237-4500-851F-46EE5F69ABCD}.Docker|Any CPU.ActiveCfg = Desktop|Any CPU
		{A9ADF970-3237-4500-851F-46EE5F69ABCD}.Docker|Any CPU.Build.0 = Desktop|Any CPU
		{A9ADF970-3237-4500-851F-46EE5F69ABCD}.Docker|x64.ActiveCfg = Desktop|x64
		{A9ADF970-3237-4500-851F-46EE5F69ABCD}.Docker|x64.Build.0 = Desktop|x64
		{A9ADF970-3237-4500-851F-46EE5F69ABCD}.Docker|x86.ActiveCfg = Desktop|Any CPU
		{A9ADF970-3237-4500-851F-46EE5F69ABCD}.Docker|x86.Build.0 = Desktop|Any CPU
		{A9ADF970-3237-4500-851F-46EE5F69ABCD}.gcmodeller_desktop|Any CPU.ActiveCfg = gcmodeller_desktop|Any CPU
		{A9ADF970-3237-4500-851F-46EE5F69ABCD}.gcmodeller_desktop|Any CPU.Build.0 = gcmodeller_desktop|Any CPU
		{A9ADF970-3237-4500-851F-46EE5F69ABCD}.gcmodeller_desktop|x64.ActiveCfg = gcmodeller_desktop|x64
		{A9ADF970-3237-4500-851F-46EE5F69ABCD}.gcmodeller_desktop|x64.Build.0 = gcmodeller_desktop|x64
		{A9ADF970-3237-4500-851F-46EE5F69ABCD}.gcmodeller_desktop|x86.ActiveCfg = gcmodeller_desktop|Any CPU
		{A9ADF970-3237-4500-851F-46EE5F69ABCD}.gcmodeller_desktop|x86.Build.0 = gcmodeller_desktop|Any CPU
		{A9ADF970-3237-4500-851F-46EE5F69ABCD}.LipidSearch|Any CPU.ActiveCfg = LipidSearch|Any CPU
		{A9ADF970-3237-4500-851F-46EE5F69ABCD}.LipidSearch|Any CPU.Build.0 = LipidSearch|Any CPU
		{A9ADF970-3237-4500-851F-46EE5F69ABCD}.LipidSearch|x64.ActiveCfg = LipidSearch|x64
		{A9ADF970-3237-4500-851F-46EE5F69ABCD}.LipidSearch|x64.Build.0 = LipidSearch|x64
		{A9ADF970-3237-4500-851F-46EE5F69ABCD}.LipidSearch|x86.ActiveCfg = LipidSearch|Any CPU
		{A9ADF970-3237-4500-851F-46EE5F69ABCD}.LipidSearch|x86.Build.0 = LipidSearch|Any CPU
		{A9ADF970-3237-4500-851F-46EE5F69ABCD}.mzkit_win32|Any CPU.ActiveCfg = mzkit_win32|Any CPU
		{A9ADF970-3237-4500-851F-46EE5F69ABCD}.mzkit_win32|Any CPU.Build.0 = mzkit_win32|Any CPU
		{A9ADF970-3237-4500-851F-46EE5F69ABCD}.mzkit_win32|x64.ActiveCfg = mzkit_win32|x64
		{A9ADF970-3237-4500-851F-46EE5F69ABCD}.mzkit_win32|x64.Build.0 = mzkit_win32|x64
		{A9ADF970-3237-4500-851F-46EE5F69ABCD}.mzkit_win32|x86.ActiveCfg = mzkit_win32|Any CPU
		{A9ADF970-3237-4500-851F-46EE5F69ABCD}.mzkit_win32|x86.Build.0 = mzkit_win32|Any CPU
		{A9ADF970-3237-4500-851F-46EE5F69ABCD}.mzkit|Any CPU.ActiveCfg = mzkit|Any CPU
		{A9ADF970-3237-4500-851F-46EE5F69ABCD}.mzkit|Any CPU.Build.0 = mzkit|Any CPU
		{A9ADF970-3237-4500-851F-46EE5F69ABCD}.mzkit|x64.ActiveCfg = mzkit|x64
		{A9ADF970-3237-4500-851F-46EE5F69ABCD}.mzkit|x64.Build.0 = mzkit|x64
		{A9ADF970-3237-4500-851F-46EE5F69ABCD}.mzkit|x86.ActiveCfg = mzkit|Any CPU
		{A9ADF970-3237-4500-851F-46EE5F69ABCD}.mzkit|x86.Build.0 = mzkit|Any CPU
		{A9ADF970-3237-4500-851F-46EE5F69ABCD}.NPSearch|Any CPU.ActiveCfg = NPSearch|Any CPU
		{A9ADF970-3237-4500-851F-46EE5F69ABCD}.NPSearch|Any CPU.Build.0 = NPSearch|Any CPU
		{A9ADF970-3237-4500-851F-46EE5F69ABCD}.NPSearch|x64.ActiveCfg = NPSearch|x64
		{A9ADF970-3237-4500-851F-46EE5F69ABCD}.NPSearch|x64.Build.0 = NPSearch|x64
		{A9ADF970-3237-4500-851F-46EE5F69ABCD}.NPSearch|x86.ActiveCfg = NPSearch|Any CPU
		{A9ADF970-3237-4500-851F-46EE5F69ABCD}.NPSearch|x86.Build.0 = NPSearch|Any CPU
		{A9ADF970-3237-4500-851F-46EE5F69ABCD}.nuget_release|Any CPU.ActiveCfg = NPSearch|Any CPU
		{A9ADF970-3237-4500-851F-46EE5F69ABCD}.nuget_release|Any CPU.Build.0 = NPSearch|Any CPU
		{A9ADF970-3237-4500-851F-46EE5F69ABCD}.nuget_release|x64.ActiveCfg = NPSearch|x64
		{A9ADF970-3237-4500-851F-46EE5F69ABCD}.nuget_release|x64.Build.0 = NPSearch|x64
		{A9ADF970-3237-4500-851F-46EE5F69ABCD}.nuget_release|x86.ActiveCfg = NPSearch|Any CPU
		{A9ADF970-3237-4500-851F-46EE5F69ABCD}.nuget_release|x86.Build.0 = NPSearch|Any CPU
		{A9ADF970-3237-4500-851F-46EE5F69ABCD}.PlantMAT|Any CPU.ActiveCfg = Debug|Any CPU
		{A9ADF970-3237-4500-851F-46EE5F69ABCD}.PlantMAT|Any CPU.Build.0 = Debug|Any CPU
		{A9ADF970-3237-4500-851F-46EE5F69ABCD}.PlantMAT|x64.ActiveCfg = Debug|x64
		{A9ADF970-3237-4500-851F-46EE5F69ABCD}.PlantMAT|x64.Build.0 = Debug|x64
		{A9ADF970-3237-4500-851F-46EE5F69ABCD}.PlantMAT|x86.ActiveCfg = Debug|Any CPU
		{A9ADF970-3237-4500-851F-46EE5F69ABCD}.PlantMAT|x86.Build.0 = Debug|Any CPU
		{A9ADF970-3237-4500-851F-46EE5F69ABCD}.Release|Any CPU.ActiveCfg = Release|Any CPU
		{A9ADF970-3237-4500-851F-46EE5F69ABCD}.Release|Any CPU.Build.0 = Release|Any CPU
		{A9ADF970-3237-4500-851F-46EE5F69ABCD}.Release|x64.ActiveCfg = Release|x64
		{A9ADF970-3237-4500-851F-46EE5F69ABCD}.Release|x64.Build.0 = Release|x64
		{A9ADF970-3237-4500-851F-46EE5F69ABCD}.Release|x86.ActiveCfg = Release|Any CPU
		{A9ADF970-3237-4500-851F-46EE5F69ABCD}.Release|x86.Build.0 = Release|Any CPU
		{A9ADF970-3237-4500-851F-46EE5F69ABCD}.Rsharp_app_release|Any CPU.ActiveCfg = Rsharp_app_release|Any CPU
		{A9ADF970-3237-4500-851F-46EE5F69ABCD}.Rsharp_app_release|Any CPU.Build.0 = Rsharp_app_release|Any CPU
		{A9ADF970-3237-4500-851F-46EE5F69ABCD}.Rsharp_app_release|x64.ActiveCfg = Rsharp_app_release|x64
		{A9ADF970-3237-4500-851F-46EE5F69ABCD}.Rsharp_app_release|x64.Build.0 = Rsharp_app_release|x64
		{A9ADF970-3237-4500-851F-46EE5F69ABCD}.Rsharp_app_release|x86.ActiveCfg = Rsharp_app_release|Any CPU
		{A9ADF970-3237-4500-851F-46EE5F69ABCD}.Rsharp_app_release|x86.Build.0 = Rsharp_app_release|Any CPU
		{F47A1519-CBB5-476A-A95E-3CEDCADE2DA7}.CFD_win32|Any CPU.ActiveCfg = CFD_win32|Any CPU
		{F47A1519-CBB5-476A-A95E-3CEDCADE2DA7}.CFD_win32|Any CPU.Build.0 = CFD_win32|Any CPU
		{F47A1519-CBB5-476A-A95E-3CEDCADE2DA7}.CFD_win32|x64.ActiveCfg = CFD_win32|x64
		{F47A1519-CBB5-476A-A95E-3CEDCADE2DA7}.CFD_win32|x64.Build.0 = CFD_win32|x64
		{F47A1519-CBB5-476A-A95E-3CEDCADE2DA7}.CFD_win32|x86.ActiveCfg = CFD_win32|Any CPU
		{F47A1519-CBB5-476A-A95E-3CEDCADE2DA7}.CFD_win32|x86.Build.0 = CFD_win32|Any CPU
		{F47A1519-CBB5-476A-A95E-3CEDCADE2DA7}.Debug|Any CPU.ActiveCfg = Debug|Any CPU
		{F47A1519-CBB5-476A-A95E-3CEDCADE2DA7}.Debug|Any CPU.Build.0 = Debug|Any CPU
		{F47A1519-CBB5-476A-A95E-3CEDCADE2DA7}.Debug|x64.ActiveCfg = Debug|x64
		{F47A1519-CBB5-476A-A95E-3CEDCADE2DA7}.Debug|x64.Build.0 = Debug|x64
		{F47A1519-CBB5-476A-A95E-3CEDCADE2DA7}.Debug|x86.ActiveCfg = Debug|Any CPU
		{F47A1519-CBB5-476A-A95E-3CEDCADE2DA7}.Debug|x86.Build.0 = Debug|Any CPU
		{F47A1519-CBB5-476A-A95E-3CEDCADE2DA7}.Desktop|Any CPU.ActiveCfg = Desktop|Any CPU
		{F47A1519-CBB5-476A-A95E-3CEDCADE2DA7}.Desktop|Any CPU.Build.0 = Desktop|Any CPU
		{F47A1519-CBB5-476A-A95E-3CEDCADE2DA7}.Desktop|x64.ActiveCfg = Desktop|x64
		{F47A1519-CBB5-476A-A95E-3CEDCADE2DA7}.Desktop|x64.Build.0 = Desktop|x64
		{F47A1519-CBB5-476A-A95E-3CEDCADE2DA7}.Desktop|x86.ActiveCfg = Desktop|Any CPU
		{F47A1519-CBB5-476A-A95E-3CEDCADE2DA7}.Desktop|x86.Build.0 = Desktop|Any CPU
		{F47A1519-CBB5-476A-A95E-3CEDCADE2DA7}.Docker|Any CPU.ActiveCfg = Desktop|Any CPU
		{F47A1519-CBB5-476A-A95E-3CEDCADE2DA7}.Docker|Any CPU.Build.0 = Desktop|Any CPU
		{F47A1519-CBB5-476A-A95E-3CEDCADE2DA7}.Docker|x64.ActiveCfg = Desktop|x64
		{F47A1519-CBB5-476A-A95E-3CEDCADE2DA7}.Docker|x64.Build.0 = Desktop|x64
		{F47A1519-CBB5-476A-A95E-3CEDCADE2DA7}.Docker|x86.ActiveCfg = Desktop|Any CPU
		{F47A1519-CBB5-476A-A95E-3CEDCADE2DA7}.Docker|x86.Build.0 = Desktop|Any CPU
		{F47A1519-CBB5-476A-A95E-3CEDCADE2DA7}.gcmodeller_desktop|Any CPU.ActiveCfg = gcmodeller_desktop|Any CPU
		{F47A1519-CBB5-476A-A95E-3CEDCADE2DA7}.gcmodeller_desktop|Any CPU.Build.0 = gcmodeller_desktop|Any CPU
		{F47A1519-CBB5-476A-A95E-3CEDCADE2DA7}.gcmodeller_desktop|x64.ActiveCfg = gcmodeller_desktop|x64
		{F47A1519-CBB5-476A-A95E-3CEDCADE2DA7}.gcmodeller_desktop|x64.Build.0 = gcmodeller_desktop|x64
		{F47A1519-CBB5-476A-A95E-3CEDCADE2DA7}.gcmodeller_desktop|x86.ActiveCfg = gcmodeller_desktop|Any CPU
		{F47A1519-CBB5-476A-A95E-3CEDCADE2DA7}.gcmodeller_desktop|x86.Build.0 = gcmodeller_desktop|Any CPU
		{F47A1519-CBB5-476A-A95E-3CEDCADE2DA7}.LipidSearch|Any CPU.ActiveCfg = LipidSearch|Any CPU
		{F47A1519-CBB5-476A-A95E-3CEDCADE2DA7}.LipidSearch|Any CPU.Build.0 = LipidSearch|Any CPU
		{F47A1519-CBB5-476A-A95E-3CEDCADE2DA7}.LipidSearch|x64.ActiveCfg = LipidSearch|x64
		{F47A1519-CBB5-476A-A95E-3CEDCADE2DA7}.LipidSearch|x64.Build.0 = LipidSearch|x64
		{F47A1519-CBB5-476A-A95E-3CEDCADE2DA7}.LipidSearch|x86.ActiveCfg = LipidSearch|Any CPU
		{F47A1519-CBB5-476A-A95E-3CEDCADE2DA7}.LipidSearch|x86.Build.0 = LipidSearch|Any CPU
		{F47A1519-CBB5-476A-A95E-3CEDCADE2DA7}.mzkit_win32|Any CPU.ActiveCfg = mzkit|Any CPU
		{F47A1519-CBB5-476A-A95E-3CEDCADE2DA7}.mzkit_win32|Any CPU.Build.0 = mzkit|Any CPU
		{F47A1519-CBB5-476A-A95E-3CEDCADE2DA7}.mzkit_win32|x64.ActiveCfg = mzkit|x64
		{F47A1519-CBB5-476A-A95E-3CEDCADE2DA7}.mzkit_win32|x64.Build.0 = mzkit|x64
		{F47A1519-CBB5-476A-A95E-3CEDCADE2DA7}.mzkit_win32|x86.ActiveCfg = mzkit|Any CPU
		{F47A1519-CBB5-476A-A95E-3CEDCADE2DA7}.mzkit_win32|x86.Build.0 = mzkit|Any CPU
		{F47A1519-CBB5-476A-A95E-3CEDCADE2DA7}.mzkit|Any CPU.ActiveCfg = mzkit|Any CPU
		{F47A1519-CBB5-476A-A95E-3CEDCADE2DA7}.mzkit|Any CPU.Build.0 = mzkit|Any CPU
		{F47A1519-CBB5-476A-A95E-3CEDCADE2DA7}.mzkit|x64.ActiveCfg = mzkit|x64
		{F47A1519-CBB5-476A-A95E-3CEDCADE2DA7}.mzkit|x64.Build.0 = mzkit|x64
		{F47A1519-CBB5-476A-A95E-3CEDCADE2DA7}.mzkit|x86.ActiveCfg = mzkit|Any CPU
		{F47A1519-CBB5-476A-A95E-3CEDCADE2DA7}.mzkit|x86.Build.0 = mzkit|Any CPU
		{F47A1519-CBB5-476A-A95E-3CEDCADE2DA7}.NPSearch|Any CPU.ActiveCfg = NPSearch|Any CPU
		{F47A1519-CBB5-476A-A95E-3CEDCADE2DA7}.NPSearch|Any CPU.Build.0 = NPSearch|Any CPU
		{F47A1519-CBB5-476A-A95E-3CEDCADE2DA7}.NPSearch|x64.ActiveCfg = NPSearch|x64
		{F47A1519-CBB5-476A-A95E-3CEDCADE2DA7}.NPSearch|x64.Build.0 = NPSearch|x64
		{F47A1519-CBB5-476A-A95E-3CEDCADE2DA7}.NPSearch|x86.ActiveCfg = NPSearch|Any CPU
		{F47A1519-CBB5-476A-A95E-3CEDCADE2DA7}.NPSearch|x86.Build.0 = NPSearch|Any CPU
		{F47A1519-CBB5-476A-A95E-3CEDCADE2DA7}.nuget_release|Any CPU.ActiveCfg = NPSearch|Any CPU
		{F47A1519-CBB5-476A-A95E-3CEDCADE2DA7}.nuget_release|Any CPU.Build.0 = NPSearch|Any CPU
		{F47A1519-CBB5-476A-A95E-3CEDCADE2DA7}.nuget_release|x64.ActiveCfg = NPSearch|x64
		{F47A1519-CBB5-476A-A95E-3CEDCADE2DA7}.nuget_release|x64.Build.0 = NPSearch|x64
		{F47A1519-CBB5-476A-A95E-3CEDCADE2DA7}.nuget_release|x86.ActiveCfg = NPSearch|Any CPU
		{F47A1519-CBB5-476A-A95E-3CEDCADE2DA7}.nuget_release|x86.Build.0 = NPSearch|Any CPU
		{F47A1519-CBB5-476A-A95E-3CEDCADE2DA7}.PlantMAT|Any CPU.ActiveCfg = PlantMAT|Any CPU
		{F47A1519-CBB5-476A-A95E-3CEDCADE2DA7}.PlantMAT|Any CPU.Build.0 = PlantMAT|Any CPU
		{F47A1519-CBB5-476A-A95E-3CEDCADE2DA7}.PlantMAT|x64.ActiveCfg = PlantMAT|x64
		{F47A1519-CBB5-476A-A95E-3CEDCADE2DA7}.PlantMAT|x64.Build.0 = PlantMAT|x64
		{F47A1519-CBB5-476A-A95E-3CEDCADE2DA7}.PlantMAT|x86.ActiveCfg = PlantMAT|Any CPU
		{F47A1519-CBB5-476A-A95E-3CEDCADE2DA7}.PlantMAT|x86.Build.0 = PlantMAT|Any CPU
		{F47A1519-CBB5-476A-A95E-3CEDCADE2DA7}.Release|Any CPU.ActiveCfg = Release|Any CPU
		{F47A1519-CBB5-476A-A95E-3CEDCADE2DA7}.Release|Any CPU.Build.0 = Release|Any CPU
		{F47A1519-CBB5-476A-A95E-3CEDCADE2DA7}.Release|x64.ActiveCfg = Release|x64
		{F47A1519-CBB5-476A-A95E-3CEDCADE2DA7}.Release|x64.Build.0 = Release|x64
		{F47A1519-CBB5-476A-A95E-3CEDCADE2DA7}.Release|x86.ActiveCfg = Release|Any CPU
		{F47A1519-CBB5-476A-A95E-3CEDCADE2DA7}.Release|x86.Build.0 = Release|Any CPU
		{F47A1519-CBB5-476A-A95E-3CEDCADE2DA7}.Rsharp_app_release|Any CPU.ActiveCfg = Rsharp_app_release|Any CPU
		{F47A1519-CBB5-476A-A95E-3CEDCADE2DA7}.Rsharp_app_release|Any CPU.Build.0 = Rsharp_app_release|Any CPU
		{F47A1519-CBB5-476A-A95E-3CEDCADE2DA7}.Rsharp_app_release|x64.ActiveCfg = Rsharp_app_release|x64
		{F47A1519-CBB5-476A-A95E-3CEDCADE2DA7}.Rsharp_app_release|x64.Build.0 = Rsharp_app_release|x64
		{F47A1519-CBB5-476A-A95E-3CEDCADE2DA7}.Rsharp_app_release|x86.ActiveCfg = Rsharp_app_release|Any CPU
		{F47A1519-CBB5-476A-A95E-3CEDCADE2DA7}.Rsharp_app_release|x86.Build.0 = Rsharp_app_release|Any CPU
		{2B724FF8-290B-4C8F-81AD-308D546AE623}.CFD_win32|Any CPU.ActiveCfg = CFD_win32|Any CPU
		{2B724FF8-290B-4C8F-81AD-308D546AE623}.CFD_win32|Any CPU.Build.0 = CFD_win32|Any CPU
		{2B724FF8-290B-4C8F-81AD-308D546AE623}.CFD_win32|x64.ActiveCfg = CFD_win32|x64
		{2B724FF8-290B-4C8F-81AD-308D546AE623}.CFD_win32|x64.Build.0 = CFD_win32|x64
		{2B724FF8-290B-4C8F-81AD-308D546AE623}.CFD_win32|x86.ActiveCfg = CFD_win32|Any CPU
		{2B724FF8-290B-4C8F-81AD-308D546AE623}.CFD_win32|x86.Build.0 = CFD_win32|Any CPU
		{2B724FF8-290B-4C8F-81AD-308D546AE623}.Debug|Any CPU.ActiveCfg = Debug|Any CPU
		{2B724FF8-290B-4C8F-81AD-308D546AE623}.Debug|Any CPU.Build.0 = Debug|Any CPU
		{2B724FF8-290B-4C8F-81AD-308D546AE623}.Debug|x64.ActiveCfg = Debug|x64
		{2B724FF8-290B-4C8F-81AD-308D546AE623}.Debug|x64.Build.0 = Debug|x64
		{2B724FF8-290B-4C8F-81AD-308D546AE623}.Debug|x86.ActiveCfg = Debug|Any CPU
		{2B724FF8-290B-4C8F-81AD-308D546AE623}.Debug|x86.Build.0 = Debug|Any CPU
		{2B724FF8-290B-4C8F-81AD-308D546AE623}.Desktop|Any CPU.ActiveCfg = Desktop|Any CPU
		{2B724FF8-290B-4C8F-81AD-308D546AE623}.Desktop|Any CPU.Build.0 = Desktop|Any CPU
		{2B724FF8-290B-4C8F-81AD-308D546AE623}.Desktop|x64.ActiveCfg = Desktop|x64
		{2B724FF8-290B-4C8F-81AD-308D546AE623}.Desktop|x64.Build.0 = Desktop|x64
		{2B724FF8-290B-4C8F-81AD-308D546AE623}.Desktop|x86.ActiveCfg = Desktop|Any CPU
		{2B724FF8-290B-4C8F-81AD-308D546AE623}.Desktop|x86.Build.0 = Desktop|Any CPU
		{2B724FF8-290B-4C8F-81AD-308D546AE623}.Docker|Any CPU.ActiveCfg = Desktop|Any CPU
		{2B724FF8-290B-4C8F-81AD-308D546AE623}.Docker|Any CPU.Build.0 = Desktop|Any CPU
		{2B724FF8-290B-4C8F-81AD-308D546AE623}.Docker|x64.ActiveCfg = Desktop|x64
		{2B724FF8-290B-4C8F-81AD-308D546AE623}.Docker|x64.Build.0 = Desktop|x64
		{2B724FF8-290B-4C8F-81AD-308D546AE623}.Docker|x86.ActiveCfg = Desktop|Any CPU
		{2B724FF8-290B-4C8F-81AD-308D546AE623}.Docker|x86.Build.0 = Desktop|Any CPU
		{2B724FF8-290B-4C8F-81AD-308D546AE623}.gcmodeller_desktop|Any CPU.ActiveCfg = gcmodeller_desktop|Any CPU
		{2B724FF8-290B-4C8F-81AD-308D546AE623}.gcmodeller_desktop|Any CPU.Build.0 = gcmodeller_desktop|Any CPU
		{2B724FF8-290B-4C8F-81AD-308D546AE623}.gcmodeller_desktop|x64.ActiveCfg = gcmodeller_desktop|x64
		{2B724FF8-290B-4C8F-81AD-308D546AE623}.gcmodeller_desktop|x64.Build.0 = gcmodeller_desktop|x64
		{2B724FF8-290B-4C8F-81AD-308D546AE623}.gcmodeller_desktop|x86.ActiveCfg = gcmodeller_desktop|Any CPU
		{2B724FF8-290B-4C8F-81AD-308D546AE623}.gcmodeller_desktop|x86.Build.0 = gcmodeller_desktop|Any CPU
		{2B724FF8-290B-4C8F-81AD-308D546AE623}.LipidSearch|Any CPU.ActiveCfg = Debug|Any CPU
		{2B724FF8-290B-4C8F-81AD-308D546AE623}.LipidSearch|Any CPU.Build.0 = Debug|Any CPU
		{2B724FF8-290B-4C8F-81AD-308D546AE623}.LipidSearch|x64.ActiveCfg = Debug|x64
		{2B724FF8-290B-4C8F-81AD-308D546AE623}.LipidSearch|x64.Build.0 = Debug|x64
		{2B724FF8-290B-4C8F-81AD-308D546AE623}.LipidSearch|x86.ActiveCfg = Debug|Any CPU
		{2B724FF8-290B-4C8F-81AD-308D546AE623}.LipidSearch|x86.Build.0 = Debug|Any CPU
		{2B724FF8-290B-4C8F-81AD-308D546AE623}.mzkit_win32|Any CPU.ActiveCfg = mzkit_win32|Any CPU
		{2B724FF8-290B-4C8F-81AD-308D546AE623}.mzkit_win32|Any CPU.Build.0 = mzkit_win32|Any CPU
		{2B724FF8-290B-4C8F-81AD-308D546AE623}.mzkit_win32|x64.ActiveCfg = mzkit_win32|x64
		{2B724FF8-290B-4C8F-81AD-308D546AE623}.mzkit_win32|x64.Build.0 = mzkit_win32|x64
		{2B724FF8-290B-4C8F-81AD-308D546AE623}.mzkit_win32|x86.ActiveCfg = mzkit_win32|Any CPU
		{2B724FF8-290B-4C8F-81AD-308D546AE623}.mzkit_win32|x86.Build.0 = mzkit_win32|Any CPU
		{2B724FF8-290B-4C8F-81AD-308D546AE623}.mzkit|Any CPU.ActiveCfg = mzkit|Any CPU
		{2B724FF8-290B-4C8F-81AD-308D546AE623}.mzkit|Any CPU.Build.0 = mzkit|Any CPU
		{2B724FF8-290B-4C8F-81AD-308D546AE623}.mzkit|x64.ActiveCfg = mzkit|x64
		{2B724FF8-290B-4C8F-81AD-308D546AE623}.mzkit|x64.Build.0 = mzkit|x64
		{2B724FF8-290B-4C8F-81AD-308D546AE623}.mzkit|x86.ActiveCfg = mzkit|Any CPU
		{2B724FF8-290B-4C8F-81AD-308D546AE623}.mzkit|x86.Build.0 = mzkit|Any CPU
		{2B724FF8-290B-4C8F-81AD-308D546AE623}.NPSearch|Any CPU.ActiveCfg = Debug|Any CPU
		{2B724FF8-290B-4C8F-81AD-308D546AE623}.NPSearch|Any CPU.Build.0 = Debug|Any CPU
		{2B724FF8-290B-4C8F-81AD-308D546AE623}.NPSearch|x64.ActiveCfg = Debug|x64
		{2B724FF8-290B-4C8F-81AD-308D546AE623}.NPSearch|x64.Build.0 = Debug|x64
		{2B724FF8-290B-4C8F-81AD-308D546AE623}.NPSearch|x86.ActiveCfg = Debug|Any CPU
		{2B724FF8-290B-4C8F-81AD-308D546AE623}.NPSearch|x86.Build.0 = Debug|Any CPU
		{2B724FF8-290B-4C8F-81AD-308D546AE623}.nuget_release|Any CPU.ActiveCfg = Debug|Any CPU
		{2B724FF8-290B-4C8F-81AD-308D546AE623}.nuget_release|Any CPU.Build.0 = Debug|Any CPU
		{2B724FF8-290B-4C8F-81AD-308D546AE623}.nuget_release|x64.ActiveCfg = Debug|x64
		{2B724FF8-290B-4C8F-81AD-308D546AE623}.nuget_release|x64.Build.0 = Debug|x64
		{2B724FF8-290B-4C8F-81AD-308D546AE623}.nuget_release|x86.ActiveCfg = Debug|Any CPU
		{2B724FF8-290B-4C8F-81AD-308D546AE623}.nuget_release|x86.Build.0 = Debug|Any CPU
		{2B724FF8-290B-4C8F-81AD-308D546AE623}.PlantMAT|Any CPU.ActiveCfg = PlantMAT|Any CPU
		{2B724FF8-290B-4C8F-81AD-308D546AE623}.PlantMAT|Any CPU.Build.0 = PlantMAT|Any CPU
		{2B724FF8-290B-4C8F-81AD-308D546AE623}.PlantMAT|x64.ActiveCfg = PlantMAT|x64
		{2B724FF8-290B-4C8F-81AD-308D546AE623}.PlantMAT|x64.Build.0 = PlantMAT|x64
		{2B724FF8-290B-4C8F-81AD-308D546AE623}.PlantMAT|x86.ActiveCfg = PlantMAT|Any CPU
		{2B724FF8-290B-4C8F-81AD-308D546AE623}.PlantMAT|x86.Build.0 = PlantMAT|Any CPU
		{2B724FF8-290B-4C8F-81AD-308D546AE623}.Release|Any CPU.ActiveCfg = Release|Any CPU
		{2B724FF8-290B-4C8F-81AD-308D546AE623}.Release|Any CPU.Build.0 = Release|Any CPU
		{2B724FF8-290B-4C8F-81AD-308D546AE623}.Release|x64.ActiveCfg = Release|x64
		{2B724FF8-290B-4C8F-81AD-308D546AE623}.Release|x64.Build.0 = Release|x64
		{2B724FF8-290B-4C8F-81AD-308D546AE623}.Release|x86.ActiveCfg = Release|Any CPU
		{2B724FF8-290B-4C8F-81AD-308D546AE623}.Release|x86.Build.0 = Release|Any CPU
		{2B724FF8-290B-4C8F-81AD-308D546AE623}.Rsharp_app_release|Any CPU.ActiveCfg = Rsharp_app_release|Any CPU
		{2B724FF8-290B-4C8F-81AD-308D546AE623}.Rsharp_app_release|Any CPU.Build.0 = Rsharp_app_release|Any CPU
		{2B724FF8-290B-4C8F-81AD-308D546AE623}.Rsharp_app_release|x64.ActiveCfg = Rsharp_app_release|x64
		{2B724FF8-290B-4C8F-81AD-308D546AE623}.Rsharp_app_release|x64.Build.0 = Rsharp_app_release|x64
		{2B724FF8-290B-4C8F-81AD-308D546AE623}.Rsharp_app_release|x86.ActiveCfg = Rsharp_app_release|Any CPU
		{2B724FF8-290B-4C8F-81AD-308D546AE623}.Rsharp_app_release|x86.Build.0 = Rsharp_app_release|Any CPU
	EndGlobalSection
	GlobalSection(SolutionProperties) = preSolution
		HideSolutionNode = FALSE
	EndGlobalSection
	GlobalSection(NestedProjects) = preSolution
		{550433FD-8699-4B96-B218-87F191FA327A} = {671542E9-0BC4-4858-BBD7-13F7372C3A1D}
		{183DD7AB-CB40-4FE1-8FA1-D3BFF6ECC2B3} = {550433FD-8699-4B96-B218-87F191FA327A}
		{A9ADF970-3237-4500-851F-46EE5F69ABCD} = {40043174-83F7-4619-B1E1-68C1BE24EACB}
		{F47A1519-CBB5-476A-A95E-3CEDCADE2DA7} = {4A787F4B-CF81-4250-B1A1-350B1C9674AA}
		{2B724FF8-290B-4C8F-81AD-308D546AE623} = {4A787F4B-CF81-4250-B1A1-350B1C9674AA}
	EndGlobalSection
	GlobalSection(ExtensibilityGlobals) = postSolution
		SolutionGuid = {F6E120BA-1B38-4DAB-8113-B607B491A206}
	EndGlobalSection
	GlobalSection(SharedMSBuildProjectFiles) = preSolution
		..\GCModeller\src\R-sharp\studio\Rstudio.common\Rstudio.common.projitems*{2b724ff8-290b-4c8f-81ad-308d546ae623}*SharedItemsImports = 5
	EndGlobalSection
EndGlobal
